
Microsoft Visual Studio Solution File, Format Version 12.00
# Visual Studio Express 2012 for Web
Project("{FAE04EC0-301F-11D3-BF4B-00C04F79EFBC}") = "TodoSite", "TodoSite\TodoSite.csproj", "{F38AE53B-4F12-4EA6-8F48-A7505E0CCFCF}"
EndProject
Global
	GlobalSection(SolutionConfigurationPlatforms) = preSolution
		Debug|Any CPU = Debug|Any CPU
		Release|Any CPU = Release|Any CPU
	EndGlobalSection
	GlobalSection(ProjectConfigurationPlatforms) = postSolution
		{F38AE53B-4F12-4EA6-8F48-A7505E0CCFCF}.Debug|Any CPU.ActiveCfg = Debug|Any CPU
		{F38AE53B-4F12-4EA6-8F48-A7505E0CCFCF}.Debug|Any CPU.Build.0 = Debug|Any CPU
		{F38AE53B-4F12-4EA6-8F48-A7505E0CCFCF}.Release|Any CPU.ActiveCfg = Release|Any CPU
		{F38AE53B-4F12-4EA6-8F48-A7505E0CCFCF}.Release|Any CPU.Build.0 = Release|Any CPU
	EndGlobalSection
	GlobalSection(SolutionProperties) = preSolution
		HideSolutionNode = FALSE
	EndGlobalSection
EndGlobal
