Microsoft Visual Studio Solution File, Format Version 12.00
# Visual Studio 2012
Project("{FAE04EC0-301F-11D3-BF4B-00C04F79EFBC}") = "TodoSite.Web", "TodoSite.Web\TodoSite.Web.csproj", "{F38AE53B-4F12-4EA6-8F48-A7505E0CCFCF}"
EndProject
Project("{FAE04EC0-301F-11D3-BF4B-00C04F79EFBC}") = "TodoSite.Web.Tests", "TodoSite.Web.Tests\TodoSite.Web.Tests.csproj", "{22BCA8C3-F6F8-4D4C-8DA8-0D99EF148E11}"
EndProject
Project("{2150E333-8FDC-42A3-9474-1A3956D46DE8}") = "Solution Items", "Solution Items", "{9B8764DE-1A0D-4E16-9B7A-BD797B66E3AC}"
EndProject
Project("{FAE04EC0-301F-11D3-BF4B-00C04F79EFBC}") = "TodoSite.StoryTeller", "TodoSite.StoryTeller\TodoSite.StoryTeller.csproj", "{844ECC2A-3524-47B2-91FD-085A20E51478}"
EndProject
Global
	GlobalSection(SolutionConfigurationPlatforms) = preSolution
		Debug|Any CPU = Debug|Any CPU
		Release|Any CPU = Release|Any CPU
	EndGlobalSection
	GlobalSection(ProjectConfigurationPlatforms) = postSolution
		{844ECC2A-3524-47B2-91FD-085A20E51478}.Debug|Any CPU.ActiveCfg = Debug|Any CPU
		{844ECC2A-3524-47B2-91FD-085A20E51478}.Debug|Any CPU.Build.0 = Debug|Any CPU
		{844ECC2A-3524-47B2-91FD-085A20E51478}.Debug|Mixed Platforms.ActiveCfg = Debug|Any CPU
		{844ECC2A-3524-47B2-91FD-085A20E51478}.Debug|Mixed Platforms.Build.0 = Debug|Any CPU
		{844ECC2A-3524-47B2-91FD-085A20E51478}.Debug|x86.ActiveCfg = Debug|Any CPU
		{844ECC2A-3524-47B2-91FD-085A20E51478}.Release|Any CPU.ActiveCfg = Release|Any CPU
		{844ECC2A-3524-47B2-91FD-085A20E51478}.Release|Any CPU.Build.0 = Release|Any CPU
		{844ECC2A-3524-47B2-91FD-085A20E51478}.Release|Mixed Platforms.ActiveCfg = Release|Any CPU
		{844ECC2A-3524-47B2-91FD-085A20E51478}.Release|Mixed Platforms.Build.0 = Release|Any CPU
		{844ECC2A-3524-47B2-91FD-085A20E51478}.Release|x86.ActiveCfg = Release|Any CPU
		{844ECC2A-3524-47B2-91FD-085A20E51478}.Retail|Any CPU.ActiveCfg = Release|Any CPU
		{844ECC2A-3524-47B2-91FD-085A20E51478}.Retail|Any CPU.Build.0 = Release|Any CPU
		{844ECC2A-3524-47B2-91FD-085A20E51478}.Retail|Mixed Platforms.ActiveCfg = Release|Any CPU
		{844ECC2A-3524-47B2-91FD-085A20E51478}.Retail|Mixed Platforms.Build.0 = Release|Any CPU
		{844ECC2A-3524-47B2-91FD-085A20E51478}.Retail|x86.ActiveCfg = Release|Any CPU
		{F38AE53B-4F12-4EA6-8F48-A7505E0CCFCF}.Debug|Any CPU.ActiveCfg = Debug|Any CPU
		{F38AE53B-4F12-4EA6-8F48-A7505E0CCFCF}.Debug|Any CPU.Build.0 = Debug|Any CPU
		{F38AE53B-4F12-4EA6-8F48-A7505E0CCFCF}.Release|Any CPU.ActiveCfg = Release|Any CPU
		{F38AE53B-4F12-4EA6-8F48-A7505E0CCFCF}.Release|Any CPU.Build.0 = Release|Any CPU
		{22BCA8C3-F6F8-4D4C-8DA8-0D99EF148E11}.Debug|Any CPU.ActiveCfg = Debug|Any CPU
		{22BCA8C3-F6F8-4D4C-8DA8-0D99EF148E11}.Debug|Any CPU.Build.0 = Debug|Any CPU
		{22BCA8C3-F6F8-4D4C-8DA8-0D99EF148E11}.Release|Any CPU.ActiveCfg = Release|Any CPU
		{22BCA8C3-F6F8-4D4C-8DA8-0D99EF148E11}.Release|Any CPU.Build.0 = Release|Any CPU
	EndGlobalSection
	GlobalSection(SolutionProperties) = preSolution
		HideSolutionNode = FALSE
	EndGlobalSection
EndGlobal

